{
  "name": "animate",
  "version": "1.0.0",
  "lockfileVersion": 2,
  "requires": true,
  "packages": {
    "": {
      "name": "animate",
      "version": "1.0.0",
      "license": "ISC",
      "devDependencies": {
        "iarco-animate": "^0.1.0"
      }
    },
    "node_modules/iarco-animate": {
      "version": "0.1.0",
      "resolved": "https://registry.npmmirror.com/iarco-animate/-/iarco-animate-0.1.0.tgz",
      "integrity": "sha512-DFv7THaXBJCm/A58iqTY6emM31JF7b3EfgvA8sdriSEdgZfA5SFWBD2EHDvHT7GaTCd/Nu4LLSgKGKnkYXeVGQ==",
      "dev": true
    }
  },
  "dependencies": {
    "iarco-animate": {
      "version": "0.1.0",
      "resolved": "https://registry.npmmirror.com/iarco-animate/-/iarco-animate-0.1.0.tgz",
      "integrity": "sha512-DFv7THaXBJCm/A58iqTY6emM31JF7b3EfgvA8sdriSEdgZfA5SFWBD2EHDvHT7GaTCd/Nu4LLSgKGKnkYXeVGQ==",
      "dev": true
    }
  }
}
